<?xml version="1.0" encoding="utf-8"?>
<Project ToolsVersion="4.0" xmlns="http://schemas.microsoft.com/developer/msbuild/2003">
  <ItemGroup>
    <Filter Include="base">
      <UniqueIdentifier>{e974b30b-6897-4cc8-872b-152eb8fda18d}</UniqueIdentifier>
    </Filter>
    <Filter Include="socket">
      <UniqueIdentifier>{dbb21c96-0cc4-40b0-999e-e3f368238188}</UniqueIdentifier>
    </Filter>
  </ItemGroup>
  <ItemGroup>
    <ClInclude Include="..\..\..\test\base\testLog.h">
      <Filter>base</Filter>
    </ClInclude>
    <ClInclude Include="..\..\..\test\base\testMarco.h">
      <Filter>base</Filter>
    </ClInclude>
    <ClInclude Include="..\..\..\test\base\testStringUtil.h">
      <Filter>base</Filter>
    </ClInclude>
    <ClInclude Include="..\..\..\test\base\testThread.h">
      <Filter>base</Filter>
    </ClInclude>
    <ClInclude Include="..\..\..\test\base\testVariant.h">
      <Filter>base</Filter>
    </ClInclude>
    <ClInclude Include="..\..\..\test\base\testBinary.h">
      <Filter>base</Filter>
    </ClInclude>
    <ClInclude Include="..\..\..\test\base\testConsole.h">
      <Filter>base</Filter>
    </ClInclude>
    <ClInclude Include="..\..\..\test\base\testFileUtil.h">
      <Filter>base</Filter>
    </ClInclude>
    <ClInclude Include="..\..\..\test\socket\testTcpAsyncSvr.h">
      <Filter>socket</Filter>
    </ClInclude>
    <ClInclude Include="..\..\..\test\socket\testTcpConnector.h">
      <Filter>socket</Filter>
    </ClInclude>
    <ClInclude Include="..\..\..\test\socket\testTcpSyncClient.h">
      <Filter>socket</Filter>
    </ClInclude>
    <ClInclude Include="..\..\..\test\socket\testTcpSyncSvr.h">
      <Filter>socket</Filter>
    </ClInclude>
    <ClInclude Include="..\..\..\test\socket\testUdpAsyncClient.h">
      <Filter>socket</Filter>
    </ClInclude>
    <ClInclude Include="..\..\..\test\socket\testUdpAsyncSvr.h">
      <Filter>socket</Filter>
    </ClInclude>
    <ClInclude Include="..\..\..\test\socket\testUdpSyncClient.h">
      <Filter>socket</Filter>
    </ClInclude>
    <ClInclude Include="..\..\..\test\socket\testUdpSyncSvr.h">
      <Filter>socket</Filter>
    </ClInclude>
    <ClInclude Include="..\..\..\test\socket\testDnsResolver.h">
      <Filter>socket</Filter>
    </ClInclude>
    <ClInclude Include="..\..\..\test\socket\testIocpSvr.h">
      <Filter>socket</Filter>
    </ClInclude>
    <ClInclude Include="..\..\..\test\socket\testSocketUtil.h">
      <Filter>socket</Filter>
    </ClInclude>
    <ClInclude Include="..\..\..\test\socket\testTcpAsyncClient.h">
      <Filter>socket</Filter>
    </ClInclude>
  </ItemGroup>
</Project>